PODS:
  - Friends3A (0.0.1):
    - Friends3A/Core (= 0.0.1)
  - Friends3A/Core (0.0.1)

DEPENDENCIES:
  - Friends3A (from `https://github.com/mevansjr/Friends3A`)

EXTERNAL SOURCES:
  Friends3A:
    :git: https://github.com/mevansjr/Friends3A

CHECKOUT OPTIONS:
  Friends3A:
    :commit: 0e952b3b02e3f27792a908d57fb1d76dc07cdc61
    :git: https://github.com/mevansjr/Friends3A

SPEC CHECKSUMS:
  Friends3A: 5392e9947f9eb08029989f6f5d836486f5acd299

PODFILE CHECKSUM: df384ee79be01c5c9aac5c16185c2c68dc10ed96

COCOAPODS: 1.5.3
