PODS:
  - Friends3A (0.0.1):
    - Friends3A/Core (= 0.0.1)
  - Friends3A/Core (0.0.1)

DEPENDENCIES:
  - Friends3A (from `https://github.com/mevansjr/Friends3A`)

EXTERNAL SOURCES:
  Friends3A:
    :git: https://github.com/mevansjr/Friends3A

CHECKOUT OPTIONS:
  Friends3A:
    :commit: 102ebaef360ea405b20adab0a60a89ba940cae14
    :git: https://github.com/mevansjr/Friends3A

SPEC CHECKSUMS:
  Friends3A: 5392e9947f9eb08029989f6f5d836486f5acd299

PODFILE CHECKSUM: 5c74120a7978e946ef2961f536e80363c3b943ae

COCOAPODS: 1.5.3
